{
  "name": "payment",
  "version": "0.0.1",
  "lockfileVersion": 1,
  "requires": true,
  "dependencies": {
    "angular": {
      "version": "https://registry.npmjs.org/angular/-/angular-1.6.0.tgz",
      "integrity": "sha1-FsXt69CjQgRr1Sgcyi3s8ExA33Y="
    },
    "angular-animate": {
      "version": "https://registry.npmjs.org/angular-animate/-/angular-animate-1.6.0.tgz",
      "integrity": "sha1-RI91Svr49W8WVc7o2rKqjdrk2sw="
    },
    "angular-aria": {
      "version": "https://registry.npmjs.org/angular-aria/-/angular-aria-1.6.0.tgz",
      "integrity": "sha1-1L4E0oazgO1fUhIKf949WVwrL3A="
    },
    "angular-material": {
      "version": "https://registry.npmjs.org/angular-material/-/angular-material-1.1.1.tgz",
      "integrity": "sha1-7RLzlLpxqRidZkEVYk9nh6dDmvI="
    },
    "angular-messages": {
      "version": "https://registry.npmjs.org/angular-messages/-/angular-messages-1.6.0.tgz",
      "integrity": "sha1-8lH23ICWWUb6dDUmCeAHSIMIwPQ="
    },
    "angular-ui-bootstrap": {
      "version": "https://registry.npmjs.org/angular-ui-bootstrap/-/angular-ui-bootstrap-2.3.1.tgz",
      "integrity": "sha1-0w2u8GzkJcWDrwaFR0Q3Y1cH63g="
    },
    "angular-ui-router": {
      "version": "https://registry.npmjs.org/angular-ui-router/-/angular-ui-router-0.3.2.tgz",
      "integrity": "sha1-wn4EljCcmSGNVlWYWxZKCWq1IKk=",
      "requires": {
        "angular": "https://registry.npmjs.org/angular/-/angular-1.6.0.tgz"
      }
    },
    "animate.css": {
      "version": "3.5.2",
      "resolved": "https://registry.npmjs.org/animate.css/-/animate.css-3.5.2.tgz",
      "integrity": "sha1-keZo3AaagI5eSZUUhnuXquAWbDY="
    },
    "bootstrap": {
      "version": "https://registry.npmjs.org/bootstrap/-/bootstrap-3.3.7.tgz",
      "integrity": "sha1-WjiTlFSfIzMIdaOxUGVldPip63E="
    },
    "jquery": {
      "version": "https://registry.npmjs.org/jquery/-/jquery-2.2.4.tgz",
      "integrity": "sha1-LInWiJterFIqfuoywUUhVZxsvwI="
    },
    "oclazyload": {
      "version": "https://registry.npmjs.org/oclazyload/-/oclazyload-1.0.9.tgz",
      "integrity": "sha1-OXn5c8FU3/RSYDqgp+ChgL6wp3U="
    }
  }
}
